
Microsoft Visual Studio Solution File, Format Version 12.00
# Visual Studio Version 16
VisualStudioVersion = 16.0.29613.14
MinimumVisualStudioVersion = 10.0.40219.1
Project("{FAE04EC0-301F-11D3-BF4B-00C04F79EFBC}") = "StringManipulation", "StringManipulation\StringManipulation.csproj", "{38CCEBD8-18E2-41F0-BB67-4B972A5EFF87}"
EndProject
Global
	GlobalSection(SolutionConfigurationPlatforms) = preSolution
		Debug|Any CPU = Debug|Any CPU
		Release|Any CPU = Release|Any CPU
	EndGlobalSection
	GlobalSection(ProjectConfigurationPlatforms) = postSolution
		{38CCEBD8-18E2-41F0-BB67-4B972A5EFF87}.Debug|Any CPU.ActiveCfg = Debug|Any CPU
		{38CCEBD8-18E2-41F0-BB67-4B972A5EFF87}.Debug|Any CPU.Build.0 = Debug|Any CPU
		{38CCEBD8-18E2-41F0-BB67-4B972A5EFF87}.Release|Any CPU.ActiveCfg = Release|Any CPU
		{38CCEBD8-18E2-41F0-BB67-4B972A5EFF87}.Release|Any CPU.Build.0 = Release|Any CPU
	EndGlobalSection
	GlobalSection(SolutionProperties) = preSolution
		HideSolutionNode = FALSE
	EndGlobalSection
	GlobalSection(ExtensibilityGlobals) = postSolution
		SolutionGuid = {D2DF0B80-4271-4331-B080-C4026E0E07D3}
	EndGlobalSection
EndGlobal
